Microsoft Visual Studio Solution File, Format Version 8.00
Project("{F184B08F-C81C-45F6-A57F-5ABD9991F28F}") = "VNCViewerURLEditor", "VNCViewerURLEditor.vbproj", "{0D45EA15-84BA-4334-866D-9FC9BEB92985}"
	ProjectSection(ProjectDependencies) = postProject
	EndProjectSection
EndProject
Global
	GlobalSection(SolutionConfiguration) = preSolution
		Debug = Debug
		Release = Release
	EndGlobalSection
	GlobalSection(ProjectConfiguration) = postSolution
		{0D45EA15-84BA-4334-866D-9FC9BEB92985}.Debug.ActiveCfg = Debug|.NET
		{0D45EA15-84BA-4334-866D-9FC9BEB92985}.Debug.Build.0 = Debug|.NET
		{0D45EA15-84BA-4334-866D-9FC9BEB92985}.Release.ActiveCfg = Release|.NET
		{0D45EA15-84BA-4334-866D-9FC9BEB92985}.Release.Build.0 = Release|.NET
	EndGlobalSection
	GlobalSection(ExtensibilityGlobals) = postSolution
	EndGlobalSection
	GlobalSection(ExtensibilityAddIns) = postSolution
	EndGlobalSection
EndGlobal
