
Microsoft Visual Studio Solution File, Format Version 9.00
# Visual Studio 2005
Project("{F184B08F-C81C-45F6-A57F-5ABD9991F28F}") = "Temperature Converter", "Temperature Converter\Temperature Converter.vbproj", "{EC361BA3-5474-425A-AC0F-91998B26413F}"
EndProject
Global
	GlobalSection(SolutionConfigurationPlatforms) = preSolution
		Debug|Any CPU = Debug|Any CPU
		Release|Any CPU = Release|Any CPU
	EndGlobalSection
	GlobalSection(ProjectConfigurationPlatforms) = postSolution
		{EC361BA3-5474-425A-AC0F-91998B26413F}.Debug|Any CPU.ActiveCfg = Debug|Any CPU
		{EC361BA3-5474-425A-AC0F-91998B26413F}.Debug|Any CPU.Build.0 = Debug|Any CPU
		{EC361BA3-5474-425A-AC0F-91998B26413F}.Debug|Any CPU.Deploy.0 = Debug|Any CPU
		{EC361BA3-5474-425A-AC0F-91998B26413F}.Release|Any CPU.ActiveCfg = Release|Any CPU
		{EC361BA3-5474-425A-AC0F-91998B26413F}.Release|Any CPU.Build.0 = Release|Any CPU
		{EC361BA3-5474-425A-AC0F-91998B26413F}.Release|Any CPU.Deploy.0 = Release|Any CPU
	EndGlobalSection
	GlobalSection(SolutionProperties) = preSolution
		HideSolutionNode = FALSE
	EndGlobalSection
EndGlobal
